// !$*UTF8*$!
{
	archiveVersion = 1;
	classes = {
	};
	objectVersion = 46;
	objects = {

/* Begin PBXBuildFile section */
		8C358F5C1700B2F400AD2AD9 /* FacebookSDK.framework in Frameworks */ = {isa = PBXBuildFile; fileRef = 8C358F5B1700B2F400AD2AD9 /* FacebookSDK.framework */; };
		8C358F671700B3FE00AD2AD9 /* FacebookSDKResources.bundle in Resources */ = {isa = PBXBuildFile; fileRef = 8C358F661700B3FE00AD2AD9 /* FacebookSDKResources.bundle */; };
		8C358F691700B45900AD2AD9 /* FBUserSettingsViewResources.bundle in Resources */ = {isa = PBXBuildFile; fileRef = 8C358F681700B45900AD2AD9 /* FBUserSettingsViewResources.bundle */; };
		8C358F701700BC6300AD2AD9 /* MainViewController.m in Sources */ = {isa = PBXBuildFile; fileRef = 8C358F6E1700BC6300AD2AD9 /* MainViewController.m */; };
		8C358F711700BC6300AD2AD9 /* MainViewController.xib in Resources */ = {isa = PBXBuildFile; fileRef = 8C358F6F1700BC6300AD2AD9 /* MainViewController.xib */; };
		8CD7333F16FCBAAD00581F06 /* UIKit.framework in Frameworks */ = {isa = PBXBuildFile; fileRef = 8CD7333E16FCBAAD00581F06 /* UIKit.framework */; };
		8CD7334116FCBAAD00581F06 /* Foundation.framework in Frameworks */ = {isa = PBXBuildFile; fileRef = 8CD7334016FCBAAD00581F06 /* Foundation.framework */; };
		8CD7334316FCBAAD00581F06 /* CoreGraphics.framework in Frameworks */ = {isa = PBXBuildFile; fileRef = 8CD7334216FCBAAD00581F06 /* CoreGraphics.framework */; };
		8CD7334916FCBAAD00581F06 /* InfoPlist.strings in Resources */ = {isa = PBXBuildFile; fileRef = 8CD7334716FCBAAD00581F06 /* InfoPlist.strings */; };
		8CD7334B16FCBAAD00581F06 /* main.m in Sources */ = {isa = PBXBuildFile; fileRef = 8CD7334A16FCBAAD00581F06 /* main.m */; };
		8CD7334F16FCBAAD00581F06 /* SocialAppDelegate.m in Sources */ = {isa = PBXBuildFile; fileRef = 8CD7334E16FCBAAD00581F06 /* SocialAppDelegate.m */; };
		8CD7335116FCBAAD00581F06 /* Default.png in Resources */ = {isa = PBXBuildFile; fileRef = 8CD7335016FCBAAD00581F06 /* Default.png */; };
		8CD7335316FCBAAD00581F06 /* Default@2x.png in Resources */ = {isa = PBXBuildFile; fileRef = 8CD7335216FCBAAD00581F06 /* Default@2x.png */; };
		8CD7335516FCBAAD00581F06 /* Default-568h@2x.png in Resources */ = {isa = PBXBuildFile; fileRef = 8CD7335416FCBAAD00581F06 /* Default-568h@2x.png */; };
		8CD7335816FCBAAD00581F06 /* SocialViewController.m in Sources */ = {isa = PBXBuildFile; fileRef = 8CD7335716FCBAAD00581F06 /* SocialViewController.m */; };
		8CD7335B16FCBAAD00581F06 /* SocialViewController.xib in Resources */ = {isa = PBXBuildFile; fileRef = 8CD7335916FCBAAD00581F06 /* SocialViewController.xib */; };
		8CD7336216FCBBFF00581F06 /* Parse.framework in Frameworks */ = {isa = PBXBuildFile; fileRef = 8CD7336116FCBBFF00581F06 /* Parse.framework */; };
		8CD7336416FCBC5600581F06 /* AudioToolbox.framework in Frameworks */ = {isa = PBXBuildFile; fileRef = 8CD7336316FCBC5600581F06 /* AudioToolbox.framework */; };
		8CD7336616FCBC6700581F06 /* CFNetwork.framework in Frameworks */ = {isa = PBXBuildFile; fileRef = 8CD7336516FCBC6700581F06 /* CFNetwork.framework */; };
		8CD7336816FCBC8400581F06 /* CoreLocation.framework in Frameworks */ = {isa = PBXBuildFile; fileRef = 8CD7336716FCBC8400581F06 /* CoreLocation.framework */; };
		8CD7336A16FCBC9100581F06 /* libz.1.1.3.dylib in Frameworks */ = {isa = PBXBuildFile; fileRef = 8CD7336916FCBC9100581F06 /* libz.1.1.3.dylib */; };
		8CD7336C16FCBC9D00581F06 /* MobileCoreServices.framework in Frameworks */ = {isa = PBXBuildFile; fileRef = 8CD7336B16FCBC9D00581F06 /* MobileCoreServices.framework */; };
		8CD7336E16FCBCA700581F06 /* QuartzCore.framework in Frameworks */ = {isa = PBXBuildFile; fileRef = 8CD7336D16FCBCA700581F06 /* QuartzCore.framework */; };
		8CD7337016FCBCEA00581F06 /* Security.framework in Frameworks */ = {isa = PBXBuildFile; fileRef = 8CD7336F16FCBCEA00581F06 /* Security.framework */; };
		8CD7337216FCBCF400581F06 /* StoreKit.framework in Frameworks */ = {isa = PBXBuildFile; fileRef = 8CD7337116FCBCF400581F06 /* StoreKit.framework */; };
		8CD7337416FCBCFB00581F06 /* SystemConfiguration.framework in Frameworks */ = {isa = PBXBuildFile; fileRef = 8CD7337316FCBCFB00581F06 /* SystemConfiguration.framework */; };
		8CD7337616FCBEFD00581F06 /* AdSupport.framework in Frameworks */ = {isa = PBXBuildFile; fileRef = 8CD7337516FCBEFD00581F06 /* AdSupport.framework */; settings = {ATTRIBUTES = (Weak, ); }; };
		8CD7337816FCBF0600581F06 /* Social.framework in Frameworks */ = {isa = PBXBuildFile; fileRef = 8CD7337716FCBF0600581F06 /* Social.framework */; settings = {ATTRIBUTES = (Weak, ); }; };
		8CD7337A16FCBF1200581F06 /* Accounts.framework in Frameworks */ = {isa = PBXBuildFile; fileRef = 8CD7337916FCBF1200581F06 /* Accounts.framework */; settings = {ATTRIBUTES = (Weak, ); }; };
		8CD7337C16FCC04C00581F06 /* libsqlite3.0.dylib in Frameworks */ = {isa = PBXBuildFile; fileRef = 8CD7337B16FCC04C00581F06 /* libsqlite3.0.dylib */; };
/* End PBXBuildFile section */

/* Begin PBXFileReference section */
		8C358F5B1700B2F400AD2AD9 /* FacebookSDK.framework */ = {isa = PBXFileReference; lastKnownFileType = wrapper.framework; name = FacebookSDK.framework; path = ../../Documents/FacebookSDK/FacebookSDK.framework; sourceTree = "<group>"; };
		8C358F661700B3FE00AD2AD9 /* FacebookSDKResources.bundle */ = {isa = PBXFileReference; lastKnownFileType = "wrapper.plug-in"; path = FacebookSDKResources.bundle; sourceTree = "<group>"; };
		8C358F681700B45900AD2AD9 /* FBUserSettingsViewResources.bundle */ = {isa = PBXFileReference; lastKnownFileType = "wrapper.plug-in"; path = FBUserSettingsViewResources.bundle; sourceTree = "<group>"; };
		8C358F6D1700BC6300AD2AD9 /* MainViewController.h */ = {isa = PBXFileReference; fileEncoding = 4; lastKnownFileType = sourcecode.c.h; path = MainViewController.h; sourceTree = "<group>"; };
		8C358F6E1700BC6300AD2AD9 /* MainViewController.m */ = {isa = PBXFileReference; fileEncoding = 4; lastKnownFileType = sourcecode.c.objc; path = MainViewController.m; sourceTree = "<group>"; };
		8C358F6F1700BC6300AD2AD9 /* MainViewController.xib */ = {isa = PBXFileReference; fileEncoding = 4; lastKnownFileType = file.xib; path = MainViewController.xib; sourceTree = "<group>"; };
		8CD7333B16FCBAAD00581F06 /* JustRace.app */ = {isa = PBXFileReference; explicitFileType = wrapper.application; includeInIndex = 0; path = JustRace.app; sourceTree = BUILT_PRODUCTS_DIR; };
		8CD7333E16FCBAAD00581F06 /* UIKit.framework */ = {isa = PBXFileReference; lastKnownFileType = wrapper.framework; name = UIKit.framework; path = System/Library/Frameworks/UIKit.framework; sourceTree = SDKROOT; };
		8CD7334016FCBAAD00581F06 /* Foundation.framework */ = {isa = PBXFileReference; lastKnownFileType = wrapper.framework; name = Foundation.framework; path = System/Library/Frameworks/Foundation.framework; sourceTree = SDKROOT; };
		8CD7334216FCBAAD00581F06 /* CoreGraphics.framework */ = {isa = PBXFileReference; lastKnownFileType = wrapper.framework; name = CoreGraphics.framework; path = System/Library/Frameworks/CoreGraphics.framework; sourceTree = SDKROOT; };
		8CD7334616FCBAAD00581F06 /* JustRace-Info.plist */ = {isa = PBXFileReference; lastKnownFileType = text.plist.xml; path = "JustRace-Info.plist"; sourceTree = "<group>"; };
		8CD7334816FCBAAD00581F06 /* en */ = {isa = PBXFileReference; lastKnownFileType = text.plist.strings; name = en; path = en.lproj/InfoPlist.strings; sourceTree = "<group>"; };
		8CD7334A16FCBAAD00581F06 /* main.m */ = {isa = PBXFileReference; lastKnownFileType = sourcecode.c.objc; path = main.m; sourceTree = "<group>"; };
		8CD7334C16FCBAAD00581F06 /* JustRace-Prefix.pch */ = {isa = PBXFileReference; lastKnownFileType = sourcecode.c.h; path = "JustRace-Prefix.pch"; sourceTree = "<group>"; };
		8CD7334D16FCBAAD00581F06 /* SocialAppDelegate.h */ = {isa = PBXFileReference; lastKnownFileType = sourcecode.c.h; path = SocialAppDelegate.h; sourceTree = "<group>"; };
		8CD7334E16FCBAAD00581F06 /* SocialAppDelegate.m */ = {isa = PBXFileReference; lastKnownFileType = sourcecode.c.objc; path = SocialAppDelegate.m; sourceTree = "<group>"; };
		8CD7335016FCBAAD00581F06 /* Default.png */ = {isa = PBXFileReference; lastKnownFileType = image.png; path = Default.png; sourceTree = "<group>"; };
		8CD7335216FCBAAD00581F06 /* Default@2x.png */ = {isa = PBXFileReference; lastKnownFileType = image.png; path = "Default@2x.png"; sourceTree = "<group>"; };
		8CD7335416FCBAAD00581F06 /* Default-568h@2x.png */ = {isa = PBXFileReference; lastKnownFileType = image.png; path = "Default-568h@2x.png"; sourceTree = "<group>"; };
		8CD7335616FCBAAD00581F06 /* SocialViewController.h */ = {isa = PBXFileReference; lastKnownFileType = sourcecode.c.h; path = SocialViewController.h; sourceTree = "<group>"; };
		8CD7335716FCBAAD00581F06 /* SocialViewController.m */ = {isa = PBXFileReference; lastKnownFileType = sourcecode.c.objc; path = SocialViewController.m; sourceTree = "<group>"; };
		8CD7335A16FCBAAD00581F06 /* en */ = {isa = PBXFileReference; lastKnownFileType = file.xib; name = en; path = en.lproj/SocialViewController.xib; sourceTree = "<group>"; };
		8CD7336116FCBBFF00581F06 /* Parse.framework */ = {isa = PBXFileReference; lastKnownFileType = wrapper.framework; path = Parse.framework; sourceTree = "<group>"; };
		8CD7336316FCBC5600581F06 /* AudioToolbox.framework */ = {isa = PBXFileReference; lastKnownFileType = wrapper.framework; name = AudioToolbox.framework; path = System/Library/Frameworks/AudioToolbox.framework; sourceTree = SDKROOT; };
		8CD7336516FCBC6700581F06 /* CFNetwork.framework */ = {isa = PBXFileReference; lastKnownFileType = wrapper.framework; name = CFNetwork.framework; path = System/Library/Frameworks/CFNetwork.framework; sourceTree = SDKROOT; };
		8CD7336716FCBC8400581F06 /* CoreLocation.framework */ = {isa = PBXFileReference; lastKnownFileType = wrapper.framework; name = CoreLocation.framework; path = System/Library/Frameworks/CoreLocation.framework; sourceTree = SDKROOT; };
		8CD7336916FCBC9100581F06 /* libz.1.1.3.dylib */ = {isa = PBXFileReference; lastKnownFileType = "compiled.mach-o.dylib"; name = libz.1.1.3.dylib; path = usr/lib/libz.1.1.3.dylib; sourceTree = SDKROOT; };
		8CD7336B16FCBC9D00581F06 /* MobileCoreServices.framework */ = {isa = PBXFileReference; lastKnownFileType = wrapper.framework; name = MobileCoreServices.framework; path = System/Library/Frameworks/MobileCoreServices.framework; sourceTree = SDKROOT; };
		8CD7336D16FCBCA700581F06 /* QuartzCore.framework */ = {isa = PBXFileReference; lastKnownFileType = wrapper.framework; name = QuartzCore.framework; path = System/Library/Frameworks/QuartzCore.framework; sourceTree = SDKROOT; };
		8CD7336F16FCBCEA00581F06 /* Security.framework */ = {isa = PBXFileReference; lastKnownFileType = wrapper.framework; name = Security.framework; path = System/Library/Frameworks/Security.framework; sourceTree = SDKROOT; };
		8CD7337116FCBCF400581F06 /* StoreKit.framework */ = {isa = PBXFileReference; lastKnownFileType = wrapper.framework; name = StoreKit.framework; path = System/Library/Frameworks/StoreKit.framework; sourceTree = SDKROOT; };
		8CD7337316FCBCFB00581F06 /* SystemConfiguration.framework */ = {isa = PBXFileReference; lastKnownFileType = wrapper.framework; name = SystemConfiguration.framework; path = System/Library/Frameworks/SystemConfiguration.framework; sourceTree = SDKROOT; };
		8CD7337516FCBEFD00581F06 /* AdSupport.framework */ = {isa = PBXFileReference; lastKnownFileType = wrapper.framework; name = AdSupport.framework; path = System/Library/Frameworks/AdSupport.framework; sourceTree = SDKROOT; };
		8CD7337716FCBF0600581F06 /* Social.framework */ = {isa = PBXFileReference; lastKnownFileType = wrapper.framework; name = Social.framework; path = System/Library/Frameworks/Social.framework; sourceTree = SDKROOT; };
		8CD7337916FCBF1200581F06 /* Accounts.framework */ = {isa = PBXFileReference; lastKnownFileType = wrapper.framework; name = Accounts.framework; path = System/Library/Frameworks/Accounts.framework; sourceTree = SDKROOT; };
		8CD7337B16FCC04C00581F06 /* libsqlite3.0.dylib */ = {isa = PBXFileReference; lastKnownFileType = "compiled.mach-o.dylib"; name = libsqlite3.0.dylib; path = usr/lib/libsqlite3.0.dylib; sourceTree = SDKROOT; };
/* End PBXFileReference section */

/* Begin PBXFrameworksBuildPhase section */
		8CD7333816FCBAAD00581F06 /* Frameworks */ = {
			isa = PBXFrameworksBuildPhase;
			buildActionMask = 2147483647;
			files = (
				8CD7337C16FCC04C00581F06 /* libsqlite3.0.dylib in Frameworks */,
				8CD7337A16FCBF1200581F06 /* Accounts.framework in Frameworks */,
				8CD7337816FCBF0600581F06 /* Social.framework in Frameworks */,
				8CD7337616FCBEFD00581F06 /* AdSupport.framework in Frameworks */,
				8CD7337416FCBCFB00581F06 /* SystemConfiguration.framework in Frameworks */,
				8CD7337216FCBCF400581F06 /* StoreKit.framework in Frameworks */,
				8CD7337016FCBCEA00581F06 /* Security.framework in Frameworks */,
				8CD7336E16FCBCA700581F06 /* QuartzCore.framework in Frameworks */,
				8CD7336C16FCBC9D00581F06 /* MobileCoreServices.framework in Frameworks */,
				8CD7336A16FCBC9100581F06 /* libz.1.1.3.dylib in Frameworks */,
				8CD7336816FCBC8400581F06 /* CoreLocation.framework in Frameworks */,
				8CD7334316FCBAAD00581F06 /* CoreGraphics.framework in Frameworks */,
				8CD7336616FCBC6700581F06 /* CFNetwork.framework in Frameworks */,
				8CD7336416FCBC5600581F06 /* AudioToolbox.framework in Frameworks */,
				8CD7333F16FCBAAD00581F06 /* UIKit.framework in Frameworks */,
				8CD7334116FCBAAD00581F06 /* Foundation.framework in Frameworks */,
				8CD7336216FCBBFF00581F06 /* Parse.framework in Frameworks */,
				8C358F5C1700B2F400AD2AD9 /* FacebookSDK.framework in Frameworks */,
			);
			runOnlyForDeploymentPostprocessing = 0;
		};
/* End PBXFrameworksBuildPhase section */

/* Begin PBXGroup section */
		8CD7333216FCBAAD00581F06 = {
			isa = PBXGroup;
			children = (
				8C358F6D1700BC6300AD2AD9 /* MainViewController.h */,
				8C358F6E1700BC6300AD2AD9 /* MainViewController.m */,
				8C358F6F1700BC6300AD2AD9 /* MainViewController.xib */,
				8CD7337B16FCC04C00581F06 /* libsqlite3.0.dylib */,
				8CD7337916FCBF1200581F06 /* Accounts.framework */,
				8CD7337716FCBF0600581F06 /* Social.framework */,
				8CD7337516FCBEFD00581F06 /* AdSupport.framework */,
				8CD7337316FCBCFB00581F06 /* SystemConfiguration.framework */,
				8CD7337116FCBCF400581F06 /* StoreKit.framework */,
				8CD7336F16FCBCEA00581F06 /* Security.framework */,
				8CD7336D16FCBCA700581F06 /* QuartzCore.framework */,
				8CD7336B16FCBC9D00581F06 /* MobileCoreServices.framework */,
				8CD7336916FCBC9100581F06 /* libz.1.1.3.dylib */,
				8CD7336716FCBC8400581F06 /* CoreLocation.framework */,
				8CD7336516FCBC6700581F06 /* CFNetwork.framework */,
				8CD7336316FCBC5600581F06 /* AudioToolbox.framework */,
				8CD7334416FCBAAD00581F06 /* JustRace */,
				8CD7333D16FCBAAD00581F06 /* Frameworks */,
				8CD7333C16FCBAAD00581F06 /* Products */,
			);
			sourceTree = "<group>";
		};
		8CD7333C16FCBAAD00581F06 /* Products */ = {
			isa = PBXGroup;
			children = (
				8CD7333B16FCBAAD00581F06 /* JustRace.app */,
			);
			name = Products;
			sourceTree = "<group>";
		};
		8CD7333D16FCBAAD00581F06 /* Frameworks */ = {
			isa = PBXGroup;
			children = (
				8C358F681700B45900AD2AD9 /* FBUserSettingsViewResources.bundle */,
				8C358F661700B3FE00AD2AD9 /* FacebookSDKResources.bundle */,
				8C358F5B1700B2F400AD2AD9 /* FacebookSDK.framework */,
				8CD7336116FCBBFF00581F06 /* Parse.framework */,
				8CD7333E16FCBAAD00581F06 /* UIKit.framework */,
				8CD7334016FCBAAD00581F06 /* Foundation.framework */,
				8CD7334216FCBAAD00581F06 /* CoreGraphics.framework */,
			);
			name = Frameworks;
			sourceTree = "<group>";
		};
		8CD7334416FCBAAD00581F06 /* JustRace */ = {
			isa = PBXGroup;
			children = (
				8CD7334D16FCBAAD00581F06 /* SocialAppDelegate.h */,
				8CD7334E16FCBAAD00581F06 /* SocialAppDelegate.m */,
				8CD7335616FCBAAD00581F06 /* SocialViewController.h */,
				8CD7335716FCBAAD00581F06 /* SocialViewController.m */,
				8CD7335916FCBAAD00581F06 /* SocialViewController.xib */,
				8CD7334516FCBAAD00581F06 /* Supporting Files */,
			);
			path = JustRace;
			sourceTree = "<group>";
		};
		8CD7334516FCBAAD00581F06 /* Supporting Files */ = {
			isa = PBXGroup;
			children = (
				8CD7334616FCBAAD00581F06 /* JustRace-Info.plist */,
				8CD7334716FCBAAD00581F06 /* InfoPlist.strings */,
				8CD7334A16FCBAAD00581F06 /* main.m */,
				8CD7334C16FCBAAD00581F06 /* JustRace-Prefix.pch */,
				8CD7335016FCBAAD00581F06 /* Default.png */,
				8CD7335216FCBAAD00581F06 /* Default@2x.png */,
				8CD7335416FCBAAD00581F06 /* Default-568h@2x.png */,
			);
			name = "Supporting Files";
			sourceTree = "<group>";
		};
/* End PBXGroup section */

/* Begin PBXNativeTarget section */
		8CD7333A16FCBAAD00581F06 /* JustRace */ = {
			isa = PBXNativeTarget;
			buildConfigurationList = 8CD7335E16FCBAAD00581F06 /* Build configuration list for PBXNativeTarget "JustRace" */;
			buildPhases = (
				8CD7333716FCBAAD00581F06 /* Sources */,
				8CD7333816FCBAAD00581F06 /* Frameworks */,
				8CD7333916FCBAAD00581F06 /* Resources */,
			);
			buildRules = (
			);
			dependencies = (
			);
			name = JustRace;
			productName = JustRace;
			productReference = 8CD7333B16FCBAAD00581F06 /* JustRace.app */;
			productType = "com.apple.product-type.application";
		};
/* End PBXNativeTarget section */

/* Begin PBXProject section */
		8CD7333316FCBAAD00581F06 /* Project object */ = {
			isa = PBXProject;
			attributes = {
				CLASSPREFIX = Social;
				LastUpgradeCheck = 0460;
				ORGANIZATIONNAME = "Laborator iOS";
			};
			buildConfigurationList = 8CD7333616FCBAAD00581F06 /* Build configuration list for PBXProject "JustRace" */;
			compatibilityVersion = "Xcode 3.2";
			developmentRegion = English;
			hasScannedForEncodings = 0;
			knownRegions = (
				en,
			);
			mainGroup = 8CD7333216FCBAAD00581F06;
			productRefGroup = 8CD7333C16FCBAAD00581F06 /* Products */;
			projectDirPath = "";
			projectRoot = "";
			targets = (
				8CD7333A16FCBAAD00581F06 /* JustRace */,
			);
		};
/* End PBXProject section */

/* Begin PBXResourcesBuildPhase section */
		8CD7333916FCBAAD00581F06 /* Resources */ = {
			isa = PBXResourcesBuildPhase;
			buildActionMask = 2147483647;
			files = (
				8CD7334916FCBAAD00581F06 /* InfoPlist.strings in Resources */,
				8CD7335116FCBAAD00581F06 /* Default.png in Resources */,
				8CD7335316FCBAAD00581F06 /* Default@2x.png in Resources */,
				8CD7335516FCBAAD00581F06 /* Default-568h@2x.png in Resources */,
				8CD7335B16FCBAAD00581F06 /* SocialViewController.xib in Resources */,
				8C358F671700B3FE00AD2AD9 /* FacebookSDKResources.bundle in Resources */,
				8C358F691700B45900AD2AD9 /* FBUserSettingsViewResources.bundle in Resources */,
				8C358F711700BC6300AD2AD9 /* MainViewController.xib in Resources */,
			);
			runOnlyForDeploymentPostprocessing = 0;
		};
/* End PBXResourcesBuildPhase section */

/* Begin PBXSourcesBuildPhase section */
		8CD7333716FCBAAD00581F06 /* Sources */ = {
			isa = PBXSourcesBuildPhase;
			buildActionMask = 2147483647;
			files = (
				8CD7334B16FCBAAD00581F06 /* main.m in Sources */,
				8CD7334F16FCBAAD00581F06 /* SocialAppDelegate.m in Sources */,
				8CD7335816FCBAAD00581F06 /* SocialViewController.m in Sources */,
				8C358F701700BC6300AD2AD9 /* MainViewController.m in Sources */,
			);
			runOnlyForDeploymentPostprocessing = 0;
		};
/* End PBXSourcesBuildPhase section */

/* Begin PBXVariantGroup section */
		8CD7334716FCBAAD00581F06 /* InfoPlist.strings */ = {
			isa = PBXVariantGroup;
			children = (
				8CD7334816FCBAAD00581F06 /* en */,
			);
			name = InfoPlist.strings;
			sourceTree = "<group>";
		};
		8CD7335916FCBAAD00581F06 /* SocialViewController.xib */ = {
			isa = PBXVariantGroup;
			children = (
				8CD7335A16FCBAAD00581F06 /* en */,
			);
			name = SocialViewController.xib;
			sourceTree = "<group>";
		};
/* End PBXVariantGroup section */

/* Begin XCBuildConfiguration section */
		8CD7335C16FCBAAD00581F06 /* Debug */ = {
			isa = XCBuildConfiguration;
			buildSettings = {
				ALWAYS_SEARCH_USER_PATHS = NO;
				CLANG_CXX_LANGUAGE_STANDARD = "gnu++0x";
				CLANG_CXX_LIBRARY = "libc++";
				CLANG_ENABLE_OBJC_ARC = YES;
				CLANG_WARN_CONSTANT_CONVERSION = YES;
				CLANG_WARN_EMPTY_BODY = YES;
				CLANG_WARN_ENUM_CONVERSION = YES;
				CLANG_WARN_INT_CONVERSION = YES;
				CLANG_WARN__DUPLICATE_METHOD_MATCH = YES;
				"CODE_SIGN_IDENTITY[sdk=iphoneos*]" = "iPhone Developer";
				COPY_PHASE_STRIP = NO;
				GCC_C_LANGUAGE_STANDARD = gnu99;
				GCC_DYNAMIC_NO_PIC = NO;
				GCC_OPTIMIZATION_LEVEL = 0;
				GCC_PREPROCESSOR_DEFINITIONS = (
					"DEBUG=1",
					"$(inherited)",
				);
				GCC_SYMBOLS_PRIVATE_EXTERN = NO;
				GCC_WARN_ABOUT_RETURN_TYPE = YES;
				GCC_WARN_UNINITIALIZED_AUTOS = YES;
				GCC_WARN_UNUSED_VARIABLE = YES;
				IPHONEOS_DEPLOYMENT_TARGET = 6.1;
				ONLY_ACTIVE_ARCH = YES;
				SDKROOT = iphoneos;
			};
			name = Debug;
		};
		8CD7335D16FCBAAD00581F06 /* Release */ = {
			isa = XCBuildConfiguration;
			buildSettings = {
				ALWAYS_SEARCH_USER_PATHS = NO;
				CLANG_CXX_LANGUAGE_STANDARD = "gnu++0x";
				CLANG_CXX_LIBRARY = "libc++";
				CLANG_ENABLE_OBJC_ARC = YES;
				CLANG_WARN_CONSTANT_CONVERSION = YES;
				CLANG_WARN_EMPTY_BODY = YES;
				CLANG_WARN_ENUM_CONVERSION = YES;
				CLANG_WARN_INT_CONVERSION = YES;
				CLANG_WARN__DUPLICATE_METHOD_MATCH = YES;
				"CODE_SIGN_IDENTITY[sdk=iphoneos*]" = "iPhone Developer";
				COPY_PHASE_STRIP = YES;
				GCC_C_LANGUAGE_STANDARD = gnu99;
				GCC_WARN_ABOUT_RETURN_TYPE = YES;
				GCC_WARN_UNINITIALIZED_AUTOS = YES;
				GCC_WARN_UNUSED_VARIABLE = YES;
				IPHONEOS_DEPLOYMENT_TARGET = 6.1;
				OTHER_CFLAGS = "-DNS_BLOCK_ASSERTIONS=1";
				SDKROOT = iphoneos;
				VALIDATE_PRODUCT = YES;
			};
			name = Release;
		};
		8CD7335F16FCBAAD00581F06 /* Debug */ = {
			isa = XCBuildConfiguration;
			buildSettings = {
				FRAMEWORK_SEARCH_PATHS = (
					"$(inherited)",
					"\"$(SRCROOT)\"",
					"\"$(SRCROOT)/../../Documents/FacebookSDK\"",
				);
				GCC_PRECOMPILE_PREFIX_HEADER = YES;
				GCC_PREFIX_HEADER = "JustRace/JustRace-Prefix.pch";
				INFOPLIST_FILE = "JustRace/JustRace-Info.plist";
				OTHER_LDFLAGS = "-fobjc-arc";
				PRODUCT_NAME = "$(TARGET_NAME)";
				WRAPPER_EXTENSION = app;
			};
			name = Debug;
		};
		8CD7336016FCBAAD00581F06 /* Release */ = {
			isa = XCBuildConfiguration;
			buildSettings = {
				FRAMEWORK_SEARCH_PATHS = (
					"$(inherited)",
					"\"$(SRCROOT)\"",
					"\"$(SRCROOT)/../../Documents/FacebookSDK\"",
				);
				GCC_PRECOMPILE_PREFIX_HEADER = YES;
				GCC_PREFIX_HEADER = "JustRace/JustRace-Prefix.pch";
				INFOPLIST_FILE = "JustRace/JustRace-Info.plist";
				OTHER_LDFLAGS = "-fobjc-arc";
				PRODUCT_NAME = "$(TARGET_NAME)";
				WRAPPER_EXTENSION = app;
			};
			name = Release;
		};
/* End XCBuildConfiguration section */

/* Begin XCConfigurationList section */
		8CD7333616FCBAAD00581F06 /* Build configuration list for PBXProject "JustRace" */ = {
			isa = XCConfigurationList;
			buildConfigurations = (
				8CD7335C16FCBAAD00581F06 /* Debug */,
				8CD7335D16FCBAAD00581F06 /* Release */,
			);
			defaultConfigurationIsVisible = 0;
			defaultConfigurationName = Release;
		};
		8CD7335E16FCBAAD00581F06 /* Build configuration list for PBXNativeTarget "JustRace" */ = {
			isa = XCConfigurationList;
			buildConfigurations = (
				8CD7335F16FCBAAD00581F06 /* Debug */,
				8CD7336016FCBAAD00581F06 /* Release */,
			);
			defaultConfigurationIsVisible = 0;
			defaultConfigurationName = Release;
		};
/* End XCConfigurationList section */
	};
	rootObject = 8CD7333316FCBAAD00581F06 /* Project object */;
}
